// !$*UTF8*$!
{
	archiveVersion = 1;
	classes = {
	};
	objectVersion = 46;
	objects = {

/* Begin PBXBuildFile section */
		38A1B89BE7E335FD2E8D66AB /* libPods.a in Frameworks */ = {isa = PBXBuildFile; fileRef = 91EFB86F8FF89B90715E12E6 /* libPods.a */; };
		6145E9A01BAE61930090DEC0 /* main.m in Sources */ = {isa = PBXBuildFile; fileRef = 6145E99F1BAE61930090DEC0 /* main.m */; };
		6145E9A31BAE61930090DEC0 /* AppDelegate.m in Sources */ = {isa = PBXBuildFile; fileRef = 6145E9A21BAE61930090DEC0 /* AppDelegate.m */; };
		6145E9A61BAE61930090DEC0 /* ViewController.m in Sources */ = {isa = PBXBuildFile; fileRef = 6145E9A51BAE61930090DEC0 /* ViewController.m */; };
		6145E9A91BAE61930090DEC0 /* Main.storyboard in Resources */ = {isa = PBXBuildFile; fileRef = 6145E9A71BAE61930090DEC0 /* Main.storyboard */; };
		6145E9AB1BAE61930090DEC0 /* Assets.xcassets in Resources */ = {isa = PBXBuildFile; fileRef = 6145E9AA1BAE61930090DEC0 /* Assets.xcassets */; };
		6145E9AE1BAE61930090DEC0 /* LaunchScreen.storyboard in Resources */ = {isa = PBXBuildFile; fileRef = 6145E9AC1BAE61930090DEC0 /* LaunchScreen.storyboard */; };
		6145E9BE1BAE61A50090DEC0 /* NHNetAssociation.m in Sources */ = {isa = PBXBuildFile; fileRef = 6145E9B81BAE61A50090DEC0 /* NHNetAssociation.m */; settings = {ASSET_TAGS = (); }; };
		6145E9BF1BAE61A50090DEC0 /* NHNetworkClock.m in Sources */ = {isa = PBXBuildFile; fileRef = 6145E9BA1BAE61A50090DEC0 /* NHNetworkClock.m */; settings = {ASSET_TAGS = (); }; };
		6145E9C01BAE61A50090DEC0 /* NSDate+NetworkClock.m in Sources */ = {isa = PBXBuildFile; fileRef = 6145E9BC1BAE61A50090DEC0 /* NSDate+NetworkClock.m */; settings = {ASSET_TAGS = (); }; };
/* End PBXBuildFile section */

/* Begin PBXFileReference section */
		6145E99B1BAE61930090DEC0 /* NHNetworkTimeExample.app */ = {isa = PBXFileReference; explicitFileType = wrapper.application; includeInIndex = 0; path = NHNetworkTimeExample.app; sourceTree = BUILT_PRODUCTS_DIR; };
		6145E99F1BAE61930090DEC0 /* main.m */ = {isa = PBXFileReference; lastKnownFileType = sourcecode.c.objc; path = main.m; sourceTree = "<group>"; };
		6145E9A11BAE61930090DEC0 /* AppDelegate.h */ = {isa = PBXFileReference; lastKnownFileType = sourcecode.c.h; path = AppDelegate.h; sourceTree = "<group>"; };
		6145E9A21BAE61930090DEC0 /* AppDelegate.m */ = {isa = PBXFileReference; lastKnownFileType = sourcecode.c.objc; path = AppDelegate.m; sourceTree = "<group>"; };
		6145E9A41BAE61930090DEC0 /* ViewController.h */ = {isa = PBXFileReference; lastKnownFileType = sourcecode.c.h; path = ViewController.h; sourceTree = "<group>"; };
		6145E9A51BAE61930090DEC0 /* ViewController.m */ = {isa = PBXFileReference; lastKnownFileType = sourcecode.c.objc; path = ViewController.m; sourceTree = "<group>"; };
		6145E9A81BAE61930090DEC0 /* Base */ = {isa = PBXFileReference; lastKnownFileType = file.storyboard; name = Base; path = Base.lproj/Main.storyboard; sourceTree = "<group>"; };
		6145E9AA1BAE61930090DEC0 /* Assets.xcassets */ = {isa = PBXFileReference; lastKnownFileType = folder.assetcatalog; path = Assets.xcassets; sourceTree = "<group>"; };
		6145E9AD1BAE61930090DEC0 /* Base */ = {isa = PBXFileReference; lastKnownFileType = file.storyboard; name = Base; path = Base.lproj/LaunchScreen.storyboard; sourceTree = "<group>"; };
		6145E9AF1BAE61930090DEC0 /* Info.plist */ = {isa = PBXFileReference; lastKnownFileType = text.plist.xml; path = Info.plist; sourceTree = "<group>"; };
		6145E9B61BAE61A50090DEC0 /* NHNetworkTime.h */ = {isa = PBXFileReference; fileEncoding = 4; lastKnownFileType = sourcecode.c.h; path = NHNetworkTime.h; sourceTree = "<group>"; };
		6145E9B71BAE61A50090DEC0 /* NHNetAssociation.h */ = {isa = PBXFileReference; fileEncoding = 4; lastKnownFileType = sourcecode.c.h; path = NHNetAssociation.h; sourceTree = "<group>"; };
		6145E9B81BAE61A50090DEC0 /* NHNetAssociation.m */ = {isa = PBXFileReference; fileEncoding = 4; lastKnownFileType = sourcecode.c.objc; path = NHNetAssociation.m; sourceTree = "<group>"; };
		6145E9B91BAE61A50090DEC0 /* NHNetworkClock.h */ = {isa = PBXFileReference; fileEncoding = 4; lastKnownFileType = sourcecode.c.h; path = NHNetworkClock.h; sourceTree = "<group>"; };
		6145E9BA1BAE61A50090DEC0 /* NHNetworkClock.m */ = {isa = PBXFileReference; fileEncoding = 4; lastKnownFileType = sourcecode.c.objc; path = NHNetworkClock.m; sourceTree = "<group>"; };
		6145E9BB1BAE61A50090DEC0 /* NSDate+NetworkClock.h */ = {isa = PBXFileReference; fileEncoding = 4; lastKnownFileType = sourcecode.c.h; path = "NSDate+NetworkClock.h"; sourceTree = "<group>"; };
		6145E9BC1BAE61A50090DEC0 /* NSDate+NetworkClock.m */ = {isa = PBXFileReference; fileEncoding = 4; lastKnownFileType = sourcecode.c.objc; path = "NSDate+NetworkClock.m"; sourceTree = "<group>"; };
		6145E9BD1BAE61A50090DEC0 /* NHNTLog.h */ = {isa = PBXFileReference; fileEncoding = 4; lastKnownFileType = sourcecode.c.h; path = NHNTLog.h; sourceTree = "<group>"; };
		8650FECB11C7D1ADD8BE9325 /* Pods.debug.xcconfig */ = {isa = PBXFileReference; includeInIndex = 1; lastKnownFileType = text.xcconfig; name = Pods.debug.xcconfig; path = "Pods/Target Support Files/Pods/Pods.debug.xcconfig"; sourceTree = "<group>"; };
		91EFB86F8FF89B90715E12E6 /* libPods.a */ = {isa = PBXFileReference; explicitFileType = archive.ar; includeInIndex = 0; path = libPods.a; sourceTree = BUILT_PRODUCTS_DIR; };
		D11798A2BB0DA7F9A9FC84D8 /* Pods.release.xcconfig */ = {isa = PBXFileReference; includeInIndex = 1; lastKnownFileType = text.xcconfig; name = Pods.release.xcconfig; path = "Pods/Target Support Files/Pods/Pods.release.xcconfig"; sourceTree = "<group>"; };
/* End PBXFileReference section */

/* Begin PBXFrameworksBuildPhase section */
		6145E9981BAE61930090DEC0 /* Frameworks */ = {
			isa = PBXFrameworksBuildPhase;
			buildActionMask = 2147483647;
			files = (
				38A1B89BE7E335FD2E8D66AB /* libPods.a in Frameworks */,
			);
			runOnlyForDeploymentPostprocessing = 0;
		};
/* End PBXFrameworksBuildPhase section */

/* Begin PBXGroup section */
		4053CE6FE3686A511B323B23 /* Frameworks */ = {
			isa = PBXGroup;
			children = (
				91EFB86F8FF89B90715E12E6 /* libPods.a */,
			);
			name = Frameworks;
			sourceTree = "<group>";
		};
		6145E9921BAE61930090DEC0 = {
			isa = PBXGroup;
			children = (
				6145E9B51BAE61A50090DEC0 /* NHNetworkTime */,
				6145E99D1BAE61930090DEC0 /* NHNetworkTimeExample */,
				6145E99C1BAE61930090DEC0 /* Products */,
				8B47C28043284707956D93DE /* Pods */,
				4053CE6FE3686A511B323B23 /* Frameworks */,
			);
			sourceTree = "<group>";
		};
		6145E99C1BAE61930090DEC0 /* Products */ = {
			isa = PBXGroup;
			children = (
				6145E99B1BAE61930090DEC0 /* NHNetworkTimeExample.app */,
			);
			name = Products;
			sourceTree = "<group>";
		};
		6145E99D1BAE61930090DEC0 /* NHNetworkTimeExample */ = {
			isa = PBXGroup;
			children = (
				6145E9A11BAE61930090DEC0 /* AppDelegate.h */,
				6145E9A21BAE61930090DEC0 /* AppDelegate.m */,
				6145E9A41BAE61930090DEC0 /* ViewController.h */,
				6145E9A51BAE61930090DEC0 /* ViewController.m */,
				6145E9A71BAE61930090DEC0 /* Main.storyboard */,
				6145E9AA1BAE61930090DEC0 /* Assets.xcassets */,
				6145E9AC1BAE61930090DEC0 /* LaunchScreen.storyboard */,
				6145E9AF1BAE61930090DEC0 /* Info.plist */,
				6145E99E1BAE61930090DEC0 /* Supporting Files */,
			);
			path = NHNetworkTimeExample;
			sourceTree = "<group>";
		};
		6145E99E1BAE61930090DEC0 /* Supporting Files */ = {
			isa = PBXGroup;
			children = (
				6145E99F1BAE61930090DEC0 /* main.m */,
			);
			name = "Supporting Files";
			sourceTree = "<group>";
		};
		6145E9B51BAE61A50090DEC0 /* NHNetworkTime */ = {
			isa = PBXGroup;
			children = (
				6145E9B61BAE61A50090DEC0 /* NHNetworkTime.h */,
				6145E9B71BAE61A50090DEC0 /* NHNetAssociation.h */,
				6145E9B81BAE61A50090DEC0 /* NHNetAssociation.m */,
				6145E9B91BAE61A50090DEC0 /* NHNetworkClock.h */,
				6145E9BA1BAE61A50090DEC0 /* NHNetworkClock.m */,
				6145E9BB1BAE61A50090DEC0 /* NSDate+NetworkClock.h */,
				6145E9BC1BAE61A50090DEC0 /* NSDate+NetworkClock.m */,
				6145E9BD1BAE61A50090DEC0 /* NHNTLog.h */,
			);
			name = NHNetworkTime;
			path = ../../NHNetworkTime;
			sourceTree = "<group>";
		};
		8B47C28043284707956D93DE /* Pods */ = {
			isa = PBXGroup;
			children = (
				8650FECB11C7D1ADD8BE9325 /* Pods.debug.xcconfig */,
				D11798A2BB0DA7F9A9FC84D8 /* Pods.release.xcconfig */,
			);
			name = Pods;
			sourceTree = "<group>";
		};
/* End PBXGroup section */

/* Begin PBXNativeTarget section */
		6145E99A1BAE61930090DEC0 /* NHNetworkTimeExample */ = {
			isa = PBXNativeTarget;
			buildConfigurationList = 6145E9B21BAE61930090DEC0 /* Build configuration list for PBXNativeTarget "NHNetworkTimeExample" */;
			buildPhases = (
				AB189455D6788E117DCDA7A2 /* Check Pods Manifest.lock */,
				6145E9971BAE61930090DEC0 /* Sources */,
				6145E9981BAE61930090DEC0 /* Frameworks */,
				6145E9991BAE61930090DEC0 /* Resources */,
				5B41B1CF74B6922F9498DFF1 /* Copy Pods Resources */,
			);
			buildRules = (
			);
			dependencies = (
			);
			name = NHNetworkTimeExample;
			productName = NHNetworkTimeExample;
			productReference = 6145E99B1BAE61930090DEC0 /* NHNetworkTimeExample.app */;
			productType = "com.apple.product-type.application";
		};
/* End PBXNativeTarget section */

/* Begin PBXProject section */
		6145E9931BAE61930090DEC0 /* Project object */ = {
			isa = PBXProject;
			attributes = {
				LastUpgradeCheck = 0700;
				ORGANIZATIONNAME = "Nguyen Cong Huy";
				TargetAttributes = {
					6145E99A1BAE61930090DEC0 = {
						CreatedOnToolsVersion = 7.0;
					};
				};
			};
			buildConfigurationList = 6145E9961BAE61930090DEC0 /* Build configuration list for PBXProject "NHNetworkTimeExample" */;
			compatibilityVersion = "Xcode 3.2";
			developmentRegion = English;
			hasScannedForEncodings = 0;
			knownRegions = (
				en,
				Base,
			);
			mainGroup = 6145E9921BAE61930090DEC0;
			productRefGroup = 6145E99C1BAE61930090DEC0 /* Products */;
			projectDirPath = "";
			projectRoot = "";
			targets = (
				6145E99A1BAE61930090DEC0 /* NHNetworkTimeExample */,
			);
		};
/* End PBXProject section */

/* Begin PBXResourcesBuildPhase section */
		6145E9991BAE61930090DEC0 /* Resources */ = {
			isa = PBXResourcesBuildPhase;
			buildActionMask = 2147483647;
			files = (
				6145E9AE1BAE61930090DEC0 /* LaunchScreen.storyboard in Resources */,
				6145E9AB1BAE61930090DEC0 /* Assets.xcassets in Resources */,
				6145E9A91BAE61930090DEC0 /* Main.storyboard in Resources */,
			);
			runOnlyForDeploymentPostprocessing = 0;
		};
/* End PBXResourcesBuildPhase section */

/* Begin PBXShellScriptBuildPhase section */
		5B41B1CF74B6922F9498DFF1 /* Copy Pods Resources */ = {
			isa = PBXShellScriptBuildPhase;
			buildActionMask = 2147483647;
			files = (
			);
			inputPaths = (
			);
			name = "Copy Pods Resources";
			outputPaths = (
			);
			runOnlyForDeploymentPostprocessing = 0;
			shellPath = /bin/sh;
			shellScript = "\"${SRCROOT}/Pods/Target Support Files/Pods/Pods-resources.sh\"\n";
			showEnvVarsInLog = 0;
		};
		AB189455D6788E117DCDA7A2 /* Check Pods Manifest.lock */ = {
			isa = PBXShellScriptBuildPhase;
			buildActionMask = 2147483647;
			files = (
			);
			inputPaths = (
			);
			name = "Check Pods Manifest.lock";
			outputPaths = (
			);
			runOnlyForDeploymentPostprocessing = 0;
			shellPath = /bin/sh;
			shellScript = "diff \"${PODS_ROOT}/../Podfile.lock\" \"${PODS_ROOT}/Manifest.lock\" > /dev/null\nif [[ $? != 0 ]] ; then\n    cat << EOM\nerror: The sandbox is not in sync with the Podfile.lock. Run 'pod install' or update your CocoaPods installation.\nEOM\n    exit 1\nfi\n";
			showEnvVarsInLog = 0;
		};
/* End PBXShellScriptBuildPhase section */

/* Begin PBXSourcesBuildPhase section */
		6145E9971BAE61930090DEC0 /* Sources */ = {
			isa = PBXSourcesBuildPhase;
			buildActionMask = 2147483647;
			files = (
				6145E9A61BAE61930090DEC0 /* ViewController.m in Sources */,
				6145E9A31BAE61930090DEC0 /* AppDelegate.m in Sources */,
				6145E9C01BAE61A50090DEC0 /* NSDate+NetworkClock.m in Sources */,
				6145E9BF1BAE61A50090DEC0 /* NHNetworkClock.m in Sources */,
				6145E9A01BAE61930090DEC0 /* main.m in Sources */,
				6145E9BE1BAE61A50090DEC0 /* NHNetAssociation.m in Sources */,
			);
			runOnlyForDeploymentPostprocessing = 0;
		};
/* End PBXSourcesBuildPhase section */

/* Begin PBXVariantGroup section */
		6145E9A71BAE61930090DEC0 /* Main.storyboard */ = {
			isa = PBXVariantGroup;
			children = (
				6145E9A81BAE61930090DEC0 /* Base */,
			);
			name = Main.storyboard;
			sourceTree = "<group>";
		};
		6145E9AC1BAE61930090DEC0 /* LaunchScreen.storyboard */ = {
			isa = PBXVariantGroup;
			children = (
				6145E9AD1BAE61930090DEC0 /* Base */,
			);
			name = LaunchScreen.storyboard;
			sourceTree = "<group>";
		};
/* End PBXVariantGroup section */

/* Begin XCBuildConfiguration section */
		6145E9B01BAE61930090DEC0 /* Debug */ = {
			isa = XCBuildConfiguration;
			buildSettings = {
				ALWAYS_SEARCH_USER_PATHS = NO;
				CLANG_CXX_LANGUAGE_STANDARD = "gnu++0x";
				CLANG_CXX_LIBRARY = "libc++";
				CLANG_ENABLE_MODULES = YES;
				CLANG_ENABLE_OBJC_ARC = YES;
				CLANG_WARN_BOOL_CONVERSION = YES;
				CLANG_WARN_CONSTANT_CONVERSION = YES;
				CLANG_WARN_DIRECT_OBJC_ISA_USAGE = YES_ERROR;
				CLANG_WARN_EMPTY_BODY = YES;
				CLANG_WARN_ENUM_CONVERSION = YES;
				CLANG_WARN_INT_CONVERSION = YES;
				CLANG_WARN_OBJC_ROOT_CLASS = YES_ERROR;
				CLANG_WARN_UNREACHABLE_CODE = YES;
				CLANG_WARN__DUPLICATE_METHOD_MATCH = YES;
				"CODE_SIGN_IDENTITY[sdk=iphoneos*]" = "iPhone Developer";
				COPY_PHASE_STRIP = NO;
				DEBUG_INFORMATION_FORMAT = dwarf;
				ENABLE_STRICT_OBJC_MSGSEND = YES;
				ENABLE_TESTABILITY = YES;
				GCC_C_LANGUAGE_STANDARD = gnu99;
				GCC_DYNAMIC_NO_PIC = NO;
				GCC_NO_COMMON_BLOCKS = YES;
				GCC_OPTIMIZATION_LEVEL = 0;
				GCC_PREPROCESSOR_DEFINITIONS = (
					"DEBUG=1",
					"$(inherited)",
				);
				GCC_WARN_64_TO_32_BIT_CONVERSION = YES;
				GCC_WARN_ABOUT_RETURN_TYPE = YES_ERROR;
				GCC_WARN_UNDECLARED_SELECTOR = YES;
				GCC_WARN_UNINITIALIZED_AUTOS = YES_AGGRESSIVE;
				GCC_WARN_UNUSED_FUNCTION = YES;
				GCC_WARN_UNUSED_VARIABLE = YES;
				IPHONEOS_DEPLOYMENT_TARGET = 9.0;
				MTL_ENABLE_DEBUG_INFO = YES;
				ONLY_ACTIVE_ARCH = YES;
				SDKROOT = iphoneos;
				TARGETED_DEVICE_FAMILY = "1,2";
			};
			name = Debug;
		};
		6145E9B11BAE61930090DEC0 /* Release */ = {
			isa = XCBuildConfiguration;
			buildSettings = {
				ALWAYS_SEARCH_USER_PATHS = NO;
				CLANG_CXX_LANGUAGE_STANDARD = "gnu++0x";
				CLANG_CXX_LIBRARY = "libc++";
				CLANG_ENABLE_MODULES = YES;
				CLANG_ENABLE_OBJC_ARC = YES;
				CLANG_WARN_BOOL_CONVERSION = YES;
				CLANG_WARN_CONSTANT_CONVERSION = YES;
				CLANG_WARN_DIRECT_OBJC_ISA_USAGE = YES_ERROR;
				CLANG_WARN_EMPTY_BODY = YES;
				CLANG_WARN_ENUM_CONVERSION = YES;
				CLANG_WARN_INT_CONVERSION = YES;
				CLANG_WARN_OBJC_ROOT_CLASS = YES_ERROR;
				CLANG_WARN_UNREACHABLE_CODE = YES;
				CLANG_WARN__DUPLICATE_METHOD_MATCH = YES;
				"CODE_SIGN_IDENTITY[sdk=iphoneos*]" = "iPhone Developer";
				COPY_PHASE_STRIP = NO;
				DEBUG_INFORMATION_FORMAT = "dwarf-with-dsym";
				ENABLE_NS_ASSERTIONS = NO;
				ENABLE_STRICT_OBJC_MSGSEND = YES;
				GCC_C_LANGUAGE_STANDARD = gnu99;
				GCC_NO_COMMON_BLOCKS = YES;
				GCC_WARN_64_TO_32_BIT_CONVERSION = YES;
				GCC_WARN_ABOUT_RETURN_TYPE = YES_ERROR;
				GCC_WARN_UNDECLARED_SELECTOR = YES;
				GCC_WARN_UNINITIALIZED_AUTOS = YES_AGGRESSIVE;
				GCC_WARN_UNUSED_FUNCTION = YES;
				GCC_WARN_UNUSED_VARIABLE = YES;
				IPHONEOS_DEPLOYMENT_TARGET = 9.0;
				MTL_ENABLE_DEBUG_INFO = NO;
				SDKROOT = iphoneos;
				TARGETED_DEVICE_FAMILY = "1,2";
				VALIDATE_PRODUCT = YES;
			};
			name = Release;
		};
		6145E9B31BAE61930090DEC0 /* Debug */ = {
			isa = XCBuildConfiguration;
			baseConfigurationReference = 8650FECB11C7D1ADD8BE9325 /* Pods.debug.xcconfig */;
			buildSettings = {
				ASSETCATALOG_COMPILER_APPICON_NAME = AppIcon;
				INFOPLIST_FILE = NHNetworkTimeExample/Info.plist;
				LD_RUNPATH_SEARCH_PATHS = "$(inherited) @executable_path/Frameworks";
				PRODUCT_BUNDLE_IDENTIFIER = com.nch.NHNetworkTimeExample;
				PRODUCT_NAME = "$(TARGET_NAME)";
			};
			name = Debug;
		};
		6145E9B41BAE61930090DEC0 /* Release */ = {
			isa = XCBuildConfiguration;
			baseConfigurationReference = D11798A2BB0DA7F9A9FC84D8 /* Pods.release.xcconfig */;
			buildSettings = {
				ASSETCATALOG_COMPILER_APPICON_NAME = AppIcon;
				INFOPLIST_FILE = NHNetworkTimeExample/Info.plist;
				LD_RUNPATH_SEARCH_PATHS = "$(inherited) @executable_path/Frameworks";
				PRODUCT_BUNDLE_IDENTIFIER = com.nch.NHNetworkTimeExample;
				PRODUCT_NAME = "$(TARGET_NAME)";
			};
			name = Release;
		};
/* End XCBuildConfiguration section */

/* Begin XCConfigurationList section */
		6145E9961BAE61930090DEC0 /* Build configuration list for PBXProject "NHNetworkTimeExample" */ = {
			isa = XCConfigurationList;
			buildConfigurations = (
				6145E9B01BAE61930090DEC0 /* Debug */,
				6145E9B11BAE61930090DEC0 /* Release */,
			);
			defaultConfigurationIsVisible = 0;
			defaultConfigurationName = Release;
		};
		6145E9B21BAE61930090DEC0 /* Build configuration list for PBXNativeTarget "NHNetworkTimeExample" */ = {
			isa = XCConfigurationList;
			buildConfigurations = (
				6145E9B31BAE61930090DEC0 /* Debug */,
				6145E9B41BAE61930090DEC0 /* Release */,
			);
			defaultConfigurationIsVisible = 0;
			defaultConfigurationName = Release;
		};
/* End XCConfigurationList section */
	};
	rootObject = 6145E9931BAE61930090DEC0 /* Project object */;
}
