PODS:
  - CocoaAsyncSocket (7.4.1)
  - NHNetworkTime (1.4):
    - CocoaAsyncSocket (<= 7.4.1)

DEPENDENCIES:
  - NHNetworkTime (from `../../`)

EXTERNAL SOURCES:
  NHNetworkTime:
    :path: "../../"

SPEC CHECKSUMS:
  CocoaAsyncSocket: 7cbf214b27f8e7f7574db6a3fd96352ffaed433d
  NHNetworkTime: d025aa1d435df97622f33a676da67752ac269c6d

COCOAPODS: 0.39.0
