PODS:
  - CocoaAsyncSocket (7.5.0):
    - CocoaAsyncSocket/GCD (= 7.5.0)
  - CocoaAsyncSocket/GCD (7.5.0)
  - NHNetworkTime (1.6):
    - CocoaAsyncSocket (~> 7.5.0)

DEPENDENCIES:
  - NHNetworkTime (from `../../`)

EXTERNAL SOURCES:
  NHNetworkTime:
    :path: ../../

SPEC CHECKSUMS:
  CocoaAsyncSocket: 3baeb1ddd969f81cf9fca81053ae49ef2d1cbbfa
  NHNetworkTime: 7dde717f7f335cd64b4f595f4d8eee77eaa59675

PODFILE CHECKSUM: 18bb4b225dff96cdf16db3cea747adc903a9705d

COCOAPODS: 1.0.1
